PODS:
  - AFNetworkActivityLogger (2.0.4):
    - AFNetworking/NSURLConnection (~> 2.0)
    - AFNetworking/NSURLSession (~> 2.0)
  - AFNetworking (2.6.3):
    - AFNetworking/NSURLConnection (= 2.6.3)
    - AFNetworking/NSURLSession (= 2.6.3)
    - AFNetworking/Reachability (= 2.6.3)
    - AFNetworking/Security (= 2.6.3)
    - AFNetworking/Serialization (= 2.6.3)
    - AFNetworking/UIKit (= 2.6.3)
  - AFNetworking/NSURLConnection (2.6.3):
    - AFNetworking/Reachability
    - AFNetworking/Security
    - AFNetworking/Serialization
  - AFNetworking/NSURLSession (2.6.3):
    - AFNetworking/Reachability
    - AFNetworking/Security
    - AFNetworking/Serialization
  - AFNetworking/Reachability (2.6.3)
  - AFNetworking/Security (2.6.3)
  - AFNetworking/Serialization (2.6.3)
  - AFNetworking/UIKit (2.6.3):
    - AFNetworking/NSURLConnection
    - AFNetworking/NSURLSession
  - Bugly (2.4.7)
  - DZNEmptyDataSet (1.8.1)
  - JTSImageViewController (1.5.1)
  - Masonry (1.0.1)
  - MJExtension (3.0.13)
  - SAMKeychain (1.5.2)
  - SDWebImage (3.8.1):
    - SDWebImage/Core (= 3.8.1)
  - SDWebImage/Core (3.8.1)

DEPENDENCIES:
  - AFNetworkActivityLogger (= 2.0.4)
  - AFNetworking (= 2.6.3)
  - Bugly (= 2.4.7)
  - DZNEmptyDataSet (= 1.8.1)
  - JTSImageViewController (= 1.5.1)
  - Masonry (= 1.0.1)
  - MJExtension (= 3.0.13)
  - SAMKeychain
  - SDWebImage (= 3.8.1)

SPEC CHECKSUMS:
  AFNetworkActivityLogger: 121486778117d53b3ab1c61d264b88081d0c3eee
  AFNetworking: cb8d14a848e831097108418f5d49217339d4eb60
  Bugly: 2c256069145f550171907c5cb1c0f84ad291f6c1
  DZNEmptyDataSet: 9525833b9e68ac21c30253e1d3d7076cc828eaa7
  JTSImageViewController: 1f8ce1cc93dab0d0af8e53badeea7528560cfec9
  Masonry: a1a931a0d08870ed8ae415a2ea5ea68ebcac77df
  MJExtension: 5932755f451458eefa24239358817f8d291240c7
  SAMKeychain: 1865333198217411f35327e8da61b43de79b635b
  SDWebImage: 35f9627a3e44b4f292a8a8ce6a531fa488239b91

PODFILE CHECKSUM: 21b4a4de96d8c9100b3aa6a3dc67fc0ef182d39f

COCOAPODS: 1.2.0
